
Microsoft Visual Studio Solution File, Format Version 11.00
# Visual Studio 2010
Project("{FAE04EC0-301F-11D3-BF4B-00C04F79EFBC}") = "BeatmRace", "Assembly-CSharp.csproj", "{AE66010F-1EA1-D3FE-476A-1E61241346A4}"
EndProject
Global
	GlobalSection(SolutionConfigurationPlatforms) = preSolution
		Debug|Any CPU = Debug|Any CPU
		Release|Any CPU = Release|Any CPU
	EndGlobalSection
	GlobalSection(ProjectConfigurationPlatforms) = postSolution
		{AE66010F-1EA1-D3FE-476A-1E61241346A4}.Debug|Any CPU.ActiveCfg = Debug|Any CPU
		{AE66010F-1EA1-D3FE-476A-1E61241346A4}.Debug|Any CPU.Build.0 = Debug|Any CPU
		{AE66010F-1EA1-D3FE-476A-1E61241346A4}.Release|Any CPU.ActiveCfg = Release|Any CPU
		{AE66010F-1EA1-D3FE-476A-1E61241346A4}.Release|Any CPU.Build.0 = Release|Any CPU
	EndGlobalSection
	GlobalSection(SolutionProperties) = preSolution
		HideSolutionNode = FALSE
	EndGlobalSection
	GlobalSection(MonoDevelopProperties) = preSolution
		StartupItem = Assembly-CSharp.csproj
	EndGlobalSection
EndGlobal
